
Microsoft Visual Studio Solution File, Format Version 12.00
# Visual Studio Version 17
VisualStudioVersion = 17.5.002.0
MinimumVisualStudioVersion = 10.0.40219.1
Project("{9A19103F-16F7-4668-BE54-9A1E7A4F7556}") = "Musica", "Musica.csproj", "{EB61181F-26F9-4FF5-BDCF-A4C1A51D829F}"
EndProject
Global
	GlobalSection(SolutionConfigurationPlatforms) = preSolution
		Debug|Any CPU = Debug|Any CPU
		Release|Any CPU = Release|Any CPU
	EndGlobalSection
	GlobalSection(ProjectConfigurationPlatforms) = postSolution
		{EB61181F-26F9-4FF5-BDCF-A4C1A51D829F}.Debug|Any CPU.ActiveCfg = Debug|Any CPU
		{EB61181F-26F9-4FF5-BDCF-A4C1A51D829F}.Debug|Any CPU.Build.0 = Debug|Any CPU
		{EB61181F-26F9-4FF5-BDCF-A4C1A51D829F}.Release|Any CPU.ActiveCfg = Release|Any CPU
		{EB61181F-26F9-4FF5-BDCF-A4C1A51D829F}.Release|Any CPU.Build.0 = Release|Any CPU
	EndGlobalSection
	GlobalSection(SolutionProperties) = preSolution
		HideSolutionNode = FALSE
	EndGlobalSection
	GlobalSection(ExtensibilityGlobals) = postSolution
		SolutionGuid = {E5B6ABAC-81C1-477B-9D0E-F990E8093C48}
	EndGlobalSection
EndGlobal
